
Microsoft Visual Studio Solution File, Format Version 12.00
# Visual Studio Version 17
VisualStudioVersion = 17.14.36623.8
MinimumVisualStudioVersion = 10.0.40219.1
Project("{FAE04EC0-301F-11D3-BF4B-00C04F79EFBC}") = "StreamReaderWriterNestedLists", "StreamReaderWriterNestedLists.csproj", "{BC19E432-E8D5-40EF-B9D8-04DBADBFB83D}"
EndProject
Global
	GlobalSection(SolutionConfigurationPlatforms) = preSolution
		Debug|Any CPU = Debug|Any CPU
		Release|Any CPU = Release|Any CPU
	EndGlobalSection
	GlobalSection(ProjectConfigurationPlatforms) = postSolution
		{BC19E432-E8D5-40EF-B9D8-04DBADBFB83D}.Debug|Any CPU.ActiveCfg = Debug|Any CPU
		{BC19E432-E8D5-40EF-B9D8-04DBADBFB83D}.Debug|Any CPU.Build.0 = Debug|Any CPU
		{BC19E432-E8D5-40EF-B9D8-04DBADBFB83D}.Release|Any CPU.ActiveCfg = Release|Any CPU
		{BC19E432-E8D5-40EF-B9D8-04DBADBFB83D}.Release|Any CPU.Build.0 = Release|Any CPU
	EndGlobalSection
	GlobalSection(SolutionProperties) = preSolution
		HideSolutionNode = FALSE
	EndGlobalSection
	GlobalSection(ExtensibilityGlobals) = postSolution
		SolutionGuid = {AFB405AF-4768-4370-86B6-E30203FA3EDD}
	EndGlobalSection
EndGlobal
